
Microsoft Visual Studio Solution File, Format Version 12.00
# Visual Studio Version 17
VisualStudioVersion = 17.12.35506.116
MinimumVisualStudioVersion = 10.0.40219.1
Project("{2150E333-8FDC-42A3-9474-1A3956D46DE8}") = "Services", "Services", "{9D855129-495E-4C42-91CB-C820DBE36F05}"
EndProject
Project("{2150E333-8FDC-42A3-9474-1A3956D46DE8}") = "Catalog", "Catalog", "{42B56DCB-1A1B-403A-8D7B-7EC61E706F06}"
EndProject
Project("{FAE04EC0-301F-11D3-BF4B-00C04F79EFBC}") = "Catalog.API", "Services\Catalog\Catalog.API\Catalog.API.csproj", "{17462A84-9783-42BD-8942-A0F1D62E2125}"
EndProject
Project("{2150E333-8FDC-42A3-9474-1A3956D46DE8}") = "BuildingBlocks", "BuildingBlocks", "{2DD16968-1779-4D48-8153-63505AE3DA49}"
EndProject
Project("{FAE04EC0-301F-11D3-BF4B-00C04F79EFBC}") = "BuildingBlocks", "BuildingBlocks\BuildingBlocks\BuildingBlocks.csproj", "{6F29605A-4F58-4E60-8FCD-6494DD2D4140}"
EndProject
Project("{E53339B2-1760-4266-BCC7-CA923CBCF16C}") = "docker-compose", "docker-compose.dcproj", "{B71855C0-A427-4D8A-A4FC-63A5ED3C4A8F}"
EndProject
Project("{2150E333-8FDC-42A3-9474-1A3956D46DE8}") = "Basket", "Basket", "{02EA681E-C7D8-13C7-8484-4AC65E1B71E8}"
EndProject
Project("{FAE04EC0-301F-11D3-BF4B-00C04F79EFBC}") = "Basket.API", "Services\Basket\Basket.API\Basket.API.csproj", "{AF2FD48A-3466-4F1C-AD62-495A2224FCDA}"
EndProject
Project("{2150E333-8FDC-42A3-9474-1A3956D46DE8}") = "Discount", "Discount", "{5AE87CF4-859E-45A1-8545-EA9273728741}"
EndProject
Project("{FAE04EC0-301F-11D3-BF4B-00C04F79EFBC}") = "Discount.Grpc", "Services\Discount\Discount.Grpc\Discount.Grpc.csproj", "{31EE013A-784E-48A3-9C14-3D749865D505}"
EndProject
Project("{2150E333-8FDC-42A3-9474-1A3956D46DE8}") = "Ordering", "Ordering", "{396D3CDE-A292-4D05-B1F5-7BA00C10B549}"
EndProject
Project("{FAE04EC0-301F-11D3-BF4B-00C04F79EFBC}") = "Ordering.API", "Services\Ordering\Ordering.API\Ordering.API.csproj", "{9AE6B4BA-20EF-4692-AB37-20FC5772EC45}"
EndProject
Project("{FAE04EC0-301F-11D3-BF4B-00C04F79EFBC}") = "Ordering.Domain", "Services\Ordering\Ordering.Domain\Ordering.Domain.csproj", "{5C6DB65C-9AF9-4A83-876C-57AFF44F6D93}"
EndProject
Project("{FAE04EC0-301F-11D3-BF4B-00C04F79EFBC}") = "Ordering.Application", "Services\Ordering\Ordering.Application\Ordering.Application.csproj", "{55C5D155-912C-4B48-87A6-4FA673E1BD86}"
EndProject
Project("{FAE04EC0-301F-11D3-BF4B-00C04F79EFBC}") = "Ordering.Infrastructure", "Services\Ordering\Ordering.Infrastructure\Ordering.Infrastructure.csproj", "{B5176B7A-E669-42E5-92D4-47C259F2E510}"
EndProject
Project("{FAE04EC0-301F-11D3-BF4B-00C04F79EFBC}") = "BuildingBlocks.Messaging", "BuildingBlocks\BuildingBlocks.Messaging\BuildingBlocks.Messaging.csproj", "{64421655-DB56-46B0-AB20-D2928A1A218C}"
EndProject
Global
	GlobalSection(SolutionConfigurationPlatforms) = preSolution
		Debug|Any CPU = Debug|Any CPU
		Release|Any CPU = Release|Any CPU
	EndGlobalSection
	GlobalSection(ProjectConfigurationPlatforms) = postSolution
		{17462A84-9783-42BD-8942-A0F1D62E2125}.Debug|Any CPU.ActiveCfg = Debug|Any CPU
		{17462A84-9783-42BD-8942-A0F1D62E2125}.Debug|Any CPU.Build.0 = Debug|Any CPU
		{17462A84-9783-42BD-8942-A0F1D62E2125}.Release|Any CPU.ActiveCfg = Release|Any CPU
		{17462A84-9783-42BD-8942-A0F1D62E2125}.Release|Any CPU.Build.0 = Release|Any CPU
		{6F29605A-4F58-4E60-8FCD-6494DD2D4140}.Debug|Any CPU.ActiveCfg = Debug|Any CPU
		{6F29605A-4F58-4E60-8FCD-6494DD2D4140}.Debug|Any CPU.Build.0 = Debug|Any CPU
		{6F29605A-4F58-4E60-8FCD-6494DD2D4140}.Release|Any CPU.ActiveCfg = Release|Any CPU
		{6F29605A-4F58-4E60-8FCD-6494DD2D4140}.Release|Any CPU.Build.0 = Release|Any CPU
		{B71855C0-A427-4D8A-A4FC-63A5ED3C4A8F}.Debug|Any CPU.ActiveCfg = Debug|Any CPU
		{B71855C0-A427-4D8A-A4FC-63A5ED3C4A8F}.Debug|Any CPU.Build.0 = Debug|Any CPU
		{B71855C0-A427-4D8A-A4FC-63A5ED3C4A8F}.Release|Any CPU.ActiveCfg = Release|Any CPU
		{B71855C0-A427-4D8A-A4FC-63A5ED3C4A8F}.Release|Any CPU.Build.0 = Release|Any CPU
		{AF2FD48A-3466-4F1C-AD62-495A2224FCDA}.Debug|Any CPU.ActiveCfg = Debug|Any CPU
		{AF2FD48A-3466-4F1C-AD62-495A2224FCDA}.Debug|Any CPU.Build.0 = Debug|Any CPU
		{AF2FD48A-3466-4F1C-AD62-495A2224FCDA}.Release|Any CPU.ActiveCfg = Release|Any CPU
		{AF2FD48A-3466-4F1C-AD62-495A2224FCDA}.Release|Any CPU.Build.0 = Release|Any CPU
		{31EE013A-784E-48A3-9C14-3D749865D505}.Debug|Any CPU.ActiveCfg = Debug|Any CPU
		{31EE013A-784E-48A3-9C14-3D749865D505}.Debug|Any CPU.Build.0 = Debug|Any CPU
		{31EE013A-784E-48A3-9C14-3D749865D505}.Release|Any CPU.ActiveCfg = Release|Any CPU
		{31EE013A-784E-48A3-9C14-3D749865D505}.Release|Any CPU.Build.0 = Release|Any CPU
		{9AE6B4BA-20EF-4692-AB37-20FC5772EC45}.Debug|Any CPU.ActiveCfg = Debug|Any CPU
		{9AE6B4BA-20EF-4692-AB37-20FC5772EC45}.Debug|Any CPU.Build.0 = Debug|Any CPU
		{9AE6B4BA-20EF-4692-AB37-20FC5772EC45}.Release|Any CPU.ActiveCfg = Release|Any CPU
		{9AE6B4BA-20EF-4692-AB37-20FC5772EC45}.Release|Any CPU.Build.0 = Release|Any CPU
		{5C6DB65C-9AF9-4A83-876C-57AFF44F6D93}.Debug|Any CPU.ActiveCfg = Debug|Any CPU
		{5C6DB65C-9AF9-4A83-876C-57AFF44F6D93}.Debug|Any CPU.Build.0 = Debug|Any CPU
		{5C6DB65C-9AF9-4A83-876C-57AFF44F6D93}.Release|Any CPU.ActiveCfg = Release|Any CPU
		{5C6DB65C-9AF9-4A83-876C-57AFF44F6D93}.Release|Any CPU.Build.0 = Release|Any CPU
		{55C5D155-912C-4B48-87A6-4FA673E1BD86}.Debug|Any CPU.ActiveCfg = Debug|Any CPU
		{55C5D155-912C-4B48-87A6-4FA673E1BD86}.Debug|Any CPU.Build.0 = Debug|Any CPU
		{55C5D155-912C-4B48-87A6-4FA673E1BD86}.Release|Any CPU.ActiveCfg = Release|Any CPU
		{55C5D155-912C-4B48-87A6-4FA673E1BD86}.Release|Any CPU.Build.0 = Release|Any CPU
		{B5176B7A-E669-42E5-92D4-47C259F2E510}.Debug|Any CPU.ActiveCfg = Debug|Any CPU
		{B5176B7A-E669-42E5-92D4-47C259F2E510}.Debug|Any CPU.Build.0 = Debug|Any CPU
		{B5176B7A-E669-42E5-92D4-47C259F2E510}.Release|Any CPU.ActiveCfg = Release|Any CPU
		{B5176B7A-E669-42E5-92D4-47C259F2E510}.Release|Any CPU.Build.0 = Release|Any CPU
		{64421655-DB56-46B0-AB20-D2928A1A218C}.Debug|Any CPU.ActiveCfg = Debug|Any CPU
		{64421655-DB56-46B0-AB20-D2928A1A218C}.Debug|Any CPU.Build.0 = Debug|Any CPU
		{64421655-DB56-46B0-AB20-D2928A1A218C}.Release|Any CPU.ActiveCfg = Release|Any CPU
		{64421655-DB56-46B0-AB20-D2928A1A218C}.Release|Any CPU.Build.0 = Release|Any CPU
	EndGlobalSection
	GlobalSection(SolutionProperties) = preSolution
		HideSolutionNode = FALSE
	EndGlobalSection
	GlobalSection(NestedProjects) = preSolution
		{42B56DCB-1A1B-403A-8D7B-7EC61E706F06} = {9D855129-495E-4C42-91CB-C820DBE36F05}
		{17462A84-9783-42BD-8942-A0F1D62E2125} = {42B56DCB-1A1B-403A-8D7B-7EC61E706F06}
		{6F29605A-4F58-4E60-8FCD-6494DD2D4140} = {2DD16968-1779-4D48-8153-63505AE3DA49}
		{02EA681E-C7D8-13C7-8484-4AC65E1B71E8} = {9D855129-495E-4C42-91CB-C820DBE36F05}
		{AF2FD48A-3466-4F1C-AD62-495A2224FCDA} = {02EA681E-C7D8-13C7-8484-4AC65E1B71E8}
		{5AE87CF4-859E-45A1-8545-EA9273728741} = {9D855129-495E-4C42-91CB-C820DBE36F05}
		{31EE013A-784E-48A3-9C14-3D749865D505} = {5AE87CF4-859E-45A1-8545-EA9273728741}
		{396D3CDE-A292-4D05-B1F5-7BA00C10B549} = {9D855129-495E-4C42-91CB-C820DBE36F05}
		{9AE6B4BA-20EF-4692-AB37-20FC5772EC45} = {396D3CDE-A292-4D05-B1F5-7BA00C10B549}
		{5C6DB65C-9AF9-4A83-876C-57AFF44F6D93} = {396D3CDE-A292-4D05-B1F5-7BA00C10B549}
		{55C5D155-912C-4B48-87A6-4FA673E1BD86} = {396D3CDE-A292-4D05-B1F5-7BA00C10B549}
		{B5176B7A-E669-42E5-92D4-47C259F2E510} = {396D3CDE-A292-4D05-B1F5-7BA00C10B549}
		{64421655-DB56-46B0-AB20-D2928A1A218C} = {2DD16968-1779-4D48-8153-63505AE3DA49}
	EndGlobalSection
	GlobalSection(ExtensibilityGlobals) = postSolution
		SolutionGuid = {9B13C7C3-DB1D-4D10-8627-025E39FD41C1}
	EndGlobalSection
EndGlobal
